// !$*UTF8*$!
{
	"archiveVersion" = 1;
	"classes" = {
	};
	"objectVersion" = 56;
	"objects" = {
		"FF75B1E5B7DB7D67D0E314A2" = {
			"isa" = "PBXFileReference";
			"path" = "App/main.m";
			"sourceTree" = "SOURCE_ROOT";
			"lastKnownFileType" = "sourcecode.c.objc";
		};
		"6C1230F041F09D531ED0A1C2" = {
			"isa" = "PBXFileReference";
			"path" = "App/LMCoreHost.m";
			"sourceTree" = "SOURCE_ROOT";
			"lastKnownFileType" = "sourcecode.c.objc";
		};
		"6797955BD9093754D9EBDC3E" = {
			"isa" = "PBXFileReference";
			"path" = "App/LMJailbreakController.m";
			"sourceTree" = "SOURCE_ROOT";
			"lastKnownFileType" = "sourcecode.c.objc";
		};
		"95612330B74E7D07E5E7B908" = {
			"isa" = "PBXFileReference";
			"path" = "App/LMViewController.m";
			"sourceTree" = "SOURCE_ROOT";
			"lastKnownFileType" = "sourcecode.c.objc";
		};
		"0CF0A632B1F83F428AC9A982" = {
			"isa" = "PBXFileReference";
			"path" = "App/LMCoreHost.h";
			"sourceTree" = "SOURCE_ROOT";
			"lastKnownFileType" = "sourcecode.c.h";
		};
		"0690DB07288A6DC35C27B084" = {
			"isa" = "PBXFileReference";
			"path" = "App/LMJailbreakController.h";
			"sourceTree" = "SOURCE_ROOT";
			"lastKnownFileType" = "sourcecode.c.h";
		};
		"37E853D107DC4A0E13E80BD7" = {
			"isa" = "PBXFileReference";
			"path" = "App/LMViewController.h";
			"sourceTree" = "SOURCE_ROOT";
			"lastKnownFileType" = "sourcecode.c.h";
		};
		"EDF9970DD5AFEBA532C2DCB0" = {
			"isa" = "PBXFileReference";
			"path" = "Assets.xcassets";
			"sourceTree" = "SOURCE_ROOT";
			"lastKnownFileType" = "folder.assetcatalog";
		};
		"B3DDC6B849978C0E390BF59C" = {
			"isa" = "PBXFileReference";
			"path" = "LaoHeMa.app";
			"sourceTree" = "BUILT_PRODUCTS_DIR";
			"explicitFileType" = "wrapper.application";
			"includeInIndex" = 0;
		};
		"57CFB1ED499450B33931A038" = {
			"isa" = "PBXGroup";
			"name" = "Products";
			"children" = (
				"B3DDC6B849978C0E390BF59C",
			);
			"sourceTree" = "<group>";
		};
		"AD3A2BF42E9931187A72CF1B" = {
			"isa" = "PBXBuildFile";
			"fileRef" = "FF75B1E5B7DB7D67D0E314A2";
		};
		"B982A0DD7EBB517AB9673F41" = {
			"isa" = "PBXBuildFile";
			"fileRef" = "6C1230F041F09D531ED0A1C2";
		};
		"7BEEBDB042F757B7878E0051" = {
			"isa" = "PBXBuildFile";
			"fileRef" = "6797955BD9093754D9EBDC3E";
		};
		"D48A4629659D7893C2A02FCA" = {
			"isa" = "PBXBuildFile";
			"fileRef" = "95612330B74E7D07E5E7B908";
		};
		"7AB2E4C6EECA17422B05CA25" = {
			"isa" = "PBXSourcesBuildPhase";
			"buildActionMask" = 2147483647;
			"files" = (
				"AD3A2BF42E9931187A72CF1B",
				"B982A0DD7EBB517AB9673F41",
				"7BEEBDB042F757B7878E0051",
				"D48A4629659D7893C2A02FCA",
			);
			"runOnlyForDeploymentPostprocessing" = 0;
		};
		"3C9F38AC30A62119D16E9148" = {
			"isa" = "PBXFrameworksBuildPhase";
			"buildActionMask" = 2147483647;
			"files" = (
			);
			"runOnlyForDeploymentPostprocessing" = 0;
		};
		"9465C59877D338D492CC4A64" = {
			"isa" = "PBXBuildFile";
			"fileRef" = "EDF9970DD5AFEBA532C2DCB0";
		};
		"8FB13D2C4EF1A57B941BBDB0" = {
			"isa" = "PBXResourcesBuildPhase";
			"buildActionMask" = 2147483647;
			"files" = (
				"9465C59877D338D492CC4A64",
			);
			"runOnlyForDeploymentPostprocessing" = 0;
		};
		"3E41035AD69AAD9D3325BCDB" = {
			"isa" = "PBXShellScriptBuildPhase";
			"buildActionMask" = 2147483647;
			"files" = (
			);
			"inputPaths" = (
			);
			"outputPaths" = (
			);
			"alwaysOutOfDate" = 1;
			"shellPath" = "/bin/sh";
			"shellScript" = "cp -R \"$DOPAMINE_SDK_ROOT/Runtime/.\" \"$TARGET_BUILD_DIR/$WRAPPER_NAME/\"\n";
			"runOnlyForDeploymentPostprocessing" = 0;
		};
		"7EB002237612E3E54B469C0B" = {
			"isa" = "XCBuildConfiguration";
			"name" = "Debug";
			"buildSettings" = {
				"SDKROOT" = "iphoneos";
				"IPHONEOS_DEPLOYMENT_TARGET" = "15.0";
				"TARGETED_DEVICE_FAMILY" = "1,2";
				"PRODUCT_NAME" = "LaoHeMa";
				"PRODUCT_BUNDLE_IDENTIFIER" = "com.mmd.LaoHeMa";
				"CURRENT_PROJECT_VERSION" = "4";
				"MARKETING_VERSION" = "1.0.0";
				"INFOPLIST_FILE" = "Info.plist";
				"GENERATE_INFOPLIST_FILE" = "NO";
				"CLANG_ENABLE_OBJC_ARC" = "YES";
				"CLANG_ENABLE_MODULES" = "YES";
				"CLANG_ENABLE_OBJC_WEAK" = "YES";
				"ENABLE_USER_SCRIPT_SANDBOXING" = "NO";
				"CODE_SIGNING_ALLOWED" = "NO";
				"ASSETCATALOG_COMPILER_APPICON_NAME" = "AppIcon";
				"DOPAMINE_SDK_ROOT" = "$(SRCROOT)/../.build/sdk/DopamineSDK";
				"HEADER_SEARCH_PATHS" = (
					"$(DOPAMINE_SDK_ROOT)/Headers",
				);
				"LIBRARY_SEARCH_PATHS" = (
					"$(DOPAMINE_SDK_ROOT)/Lib",
				);
				"LD_RUNPATH_SEARCH_PATHS" = (
					"@executable_path/Frameworks",
					"@executable_path",
				);
				"OTHER_LDFLAGS" = (
					"$(DOPAMINE_SDK_ROOT)/Lib/libDopamineCore.a",
					"$(DOPAMINE_SDK_ROOT)/Lib/libzstd.o",
					"$(DOPAMINE_SDK_ROOT)/Lib/libgrabkernel2.a",
					"$(DOPAMINE_SDK_ROOT)/Lib/libpartial.a",
					"-ObjC",
					"-ljailbreak",
					"-lxpf",
					"-lchoma",
					"-lz",
					"-lcompression",
					"-lMobileGestalt",
					"-framework",
					"UIKit",
					"-framework",
					"Foundation",
					"-framework",
					"CoreServices",
					"-framework",
					"IOKit",
					"-framework",
					"IOSurface",
					"-framework",
					"LocalAuthentication",
				);
				"GCC_WARN_ABOUT_RETURN_TYPE" = "YES_ERROR";
				"GCC_WARN_UNUSED_VARIABLE" = "YES";
				"GCC_OPTIMIZATION_LEVEL" = "0";
			};
		};
		"B772F0F7FB2D8141C1886D7E" = {
			"isa" = "XCBuildConfiguration";
			"name" = "Release";
			"buildSettings" = {
				"SDKROOT" = "iphoneos";
				"IPHONEOS_DEPLOYMENT_TARGET" = "15.0";
				"TARGETED_DEVICE_FAMILY" = "1,2";
				"PRODUCT_NAME" = "LaoHeMa";
				"PRODUCT_BUNDLE_IDENTIFIER" = "com.mmd.LaoHeMa";
				"CURRENT_PROJECT_VERSION" = "4";
				"MARKETING_VERSION" = "1.0.0";
				"INFOPLIST_FILE" = "Info.plist";
				"GENERATE_INFOPLIST_FILE" = "NO";
				"CLANG_ENABLE_OBJC_ARC" = "YES";
				"CLANG_ENABLE_MODULES" = "YES";
				"CLANG_ENABLE_OBJC_WEAK" = "YES";
				"ENABLE_USER_SCRIPT_SANDBOXING" = "NO";
				"CODE_SIGNING_ALLOWED" = "NO";
				"ASSETCATALOG_COMPILER_APPICON_NAME" = "AppIcon";
				"DOPAMINE_SDK_ROOT" = "$(SRCROOT)/../.build/sdk/DopamineSDK";
				"HEADER_SEARCH_PATHS" = (
					"$(DOPAMINE_SDK_ROOT)/Headers",
				);
				"LIBRARY_SEARCH_PATHS" = (
					"$(DOPAMINE_SDK_ROOT)/Lib",
				);
				"LD_RUNPATH_SEARCH_PATHS" = (
					"@executable_path/Frameworks",
					"@executable_path",
				);
				"OTHER_LDFLAGS" = (
					"$(DOPAMINE_SDK_ROOT)/Lib/libDopamineCore.a",
					"$(DOPAMINE_SDK_ROOT)/Lib/libzstd.o",
					"$(DOPAMINE_SDK_ROOT)/Lib/libgrabkernel2.a",
					"$(DOPAMINE_SDK_ROOT)/Lib/libpartial.a",
					"-ObjC",
					"-ljailbreak",
					"-lxpf",
					"-lchoma",
					"-lz",
					"-lcompression",
					"-lMobileGestalt",
					"-framework",
					"UIKit",
					"-framework",
					"Foundation",
					"-framework",
					"CoreServices",
					"-framework",
					"IOKit",
					"-framework",
					"IOSurface",
					"-framework",
					"LocalAuthentication",
				);
				"GCC_WARN_ABOUT_RETURN_TYPE" = "YES_ERROR";
				"GCC_WARN_UNUSED_VARIABLE" = "YES";
				"GCC_OPTIMIZATION_LEVEL" = "s";
			};
		};
		"FEFCD1AB5D5C05ECC8851CD2" = {
			"isa" = "XCConfigurationList";
			"buildConfigurations" = (
				"7EB002237612E3E54B469C0B",
				"B772F0F7FB2D8141C1886D7E",
			);
			"defaultConfigurationIsVisible" = 0;
			"defaultConfigurationName" = "Release";
		};
		"93BE44654800E4DB17C7C84F" = {
			"isa" = "PBXNativeTarget";
			"name" = "LaoHeMa";
			"productName" = "LaoHeMa";
			"productType" = "com.apple.product-type.application";
			"productReference" = "B3DDC6B849978C0E390BF59C";
			"buildConfigurationList" = "FEFCD1AB5D5C05ECC8851CD2";
			"buildPhases" = (
				"7AB2E4C6EECA17422B05CA25",
				"3C9F38AC30A62119D16E9148",
				"8FB13D2C4EF1A57B941BBDB0",
				"3E41035AD69AAD9D3325BCDB",
			);
			"buildRules" = (
			);
			"dependencies" = (
			);
			"packageProductDependencies" = (
			);
		};
		"5217A2165520102734CC3F8B" = {
			"isa" = "PBXGroup";
			"children" = (
				"FF75B1E5B7DB7D67D0E314A2",
				"6C1230F041F09D531ED0A1C2",
				"6797955BD9093754D9EBDC3E",
				"95612330B74E7D07E5E7B908",
				"0CF0A632B1F83F428AC9A982",
				"0690DB07288A6DC35C27B084",
				"37E853D107DC4A0E13E80BD7",
				"EDF9970DD5AFEBA532C2DCB0",
				"57CFB1ED499450B33931A038",
			);
			"sourceTree" = "<group>";
		};
		"919A24F9DF46B4F022862DFB" = {
			"isa" = "XCBuildConfiguration";
			"name" = "Debug";
			"buildSettings" = {
			};
		};
		"D934203BF090F19D1342F41F" = {
			"isa" = "XCBuildConfiguration";
			"name" = "Release";
			"buildSettings" = {
			};
		};
		"DB6C9F1A3D4E45F6A904FC04" = {
			"isa" = "XCConfigurationList";
			"buildConfigurations" = (
				"919A24F9DF46B4F022862DFB",
				"D934203BF090F19D1342F41F",
			);
			"defaultConfigurationIsVisible" = 0;
			"defaultConfigurationName" = "Release";
		};
		"1B200B80C36E568EFE5573E7" = {
			"isa" = "PBXProject";
			"attributes" = {
				"LastUpgradeCheck" = "1630";
			};
			"buildConfigurationList" = "DB6C9F1A3D4E45F6A904FC04";
			"compatibilityVersion" = "Xcode 14.0";
			"developmentRegion" = "zh-Hans";
			"knownRegions" = (
				"zh-Hans",
				"en",
				"Base",
			);
			"mainGroup" = "5217A2165520102734CC3F8B";
			"productRefGroup" = "57CFB1ED499450B33931A038";
			"projectDirPath" = "";
			"projectRoot" = "";
			"targets" = (
				"93BE44654800E4DB17C7C84F",
			);
			"packageReferences" = (
			);
			"projectReferences" = (
			);
		};
	};
	"rootObject" = "1B200B80C36E568EFE5573E7";
}
